{
  "object": {
    "pins": [
      {
        "package": "swift-snapshot-testing",
        "repositoryURL": "https://github.com/pointfreeco/swift-snapshot-testing.git",
        "state": {
          "branch": "main",
          "revision": "567c66adf318612f9482fdaf62c09df1aa57ee87",
          "version": null
        }
      }
    ]
  },
  "version": 1
}
